{
    "ezyang/htmlpurifier": {
        "version": "v4.13.0"
    },
    "maennchen/zipstream-php": {
        "version": "2.1.0"
    },
    "markbaker/complex": {
        "version": "2.0.3"
    },
    "markbaker/matrix": {
        "version": "2.1.3"
    },
    "myclabs/php-enum": {
        "version": "1.8.2"
    },
    "php": {
        "version": "7.4"
    },
    "phpoffice/phpspreadsheet": {
        "version": "1.18.0"
    },
    "psr/simple-cache": {
        "version": "1.0.1"
    },
    "symfony/apache-pack": {
        "version": "1.0",
        "recipe": {
            "repo": "github.com/symfony/recipes-contrib",
            "branch": "master",
            "version": "1.0",
            "ref": "71599f5b0fdeeeec0fb90e9b17c85e6f5e1350c1"
        },
        "files": [
            "public/.htaccess"
        ]
    }
}
